<?xml version="1.0" encoding="utf-8"?>
<Project ToolsVersion="4.0" xmlns="http://schemas.microsoft.com/developer/msbuild/2003">
  <ItemGroup>
    <Filter Include="Source Files">
      <UniqueIdentifier>{4FC737F1-C7A5-4376-A066-2A32D752A2FF}</UniqueIdentifier>
      <Extensions>cpp;c;cc;cxx;c++;cppm;ixx;def;odl;idl;hpj;bat;asm;asmx</Extensions>
    </Filter>
    <Filter Include="Header Files">
      <UniqueIdentifier>{93995380-89BD-4b04-88EB-625FBE52EBFB}</UniqueIdentifier>
      <Extensions>h;hh;hpp;hxx;h++;hm;inl;inc;ipp;xsd</Extensions>
    </Filter>
    <Filter Include="Resource Files">
      <UniqueIdentifier>{67DA6AB6-F800-4c08-8B7A-83BB121AAD01}</UniqueIdentifier>
      <Extensions>rc;ico;cur;bmp;dlg;rc2;rct;bin;rgs;gif;jpg;jpeg;jpe;resx;tiff;tif;png;wav;mfcribbon-ms</Extensions>
    </Filter>
    <Filter Include="Header Files\Utils">
      <UniqueIdentifier>{991f718f-3318-4e24-85fa-5bcf35dce399}</UniqueIdentifier>
    </Filter>
    <Filter Include="Source Files\GPU">
      <UniqueIdentifier>{d6088ee6-5fbf-495f-bed2-612a193e2058}</UniqueIdentifier>
    </Filter>
    <Filter Include="Header Files\GPU">
      <UniqueIdentifier>{d2d7743e-5a87-4e48-b642-de6bf21d71a3}</UniqueIdentifier>
    </Filter>
    <Filter Include="Source Files\Radiance Grid">
      <UniqueIdentifier>{5b143e39-f518-4912-b957-0962dc597350}</UniqueIdentifier>
    </Filter>
    <Filter Include="Header Files\Radiance Grid">
      <UniqueIdentifier>{3d0098f8-1cf6-45bf-b51a-94e21685e2e9}</UniqueIdentifier>
    </Filter>
    <Filter Include="Header Files\Pipelines">
      <UniqueIdentifier>{7a601268-1747-41c6-9bd1-a0668dffd405}</UniqueIdentifier>
    </Filter>
    <Filter Include="Source Files\Pipelines">
      <UniqueIdentifier>{a53b12f3-a554-491e-b3ff-d15ae1fdef24}</UniqueIdentifier>
    </Filter>
    <Filter Include="Header Files\Acceleration Structures">
      <UniqueIdentifier>{65091781-cabb-407f-acae-a9988c659e48}</UniqueIdentifier>
    </Filter>
    <Filter Include="Source Files\Acceleration Structures">
      <UniqueIdentifier>{a5db96c5-eef1-4ba2-b449-1a359900cce1}</UniqueIdentifier>
    </Filter>
    <Filter Include="Source Files\GPU\Spherical Harmonics">
      <UniqueIdentifier>{001df52e-f84a-483c-927e-19ba488cdb42}</UniqueIdentifier>
    </Filter>
    <Filter Include="Source Files\GPU\Cubemap">
      <UniqueIdentifier>{44373cc8-3582-42c8-94df-689fedfd5bbb}</UniqueIdentifier>
    </Filter>
    <Filter Include="Source Files\GPU\Direct Lighting">
      <UniqueIdentifier>{bc7b925d-b8bf-4352-b8d0-4ffd63ec76c4}</UniqueIdentifier>
    </Filter>
    <Filter Include="Source Files\Utils">
      <UniqueIdentifier>{afcc83f1-30eb-4b56-a68b-13b21ae18c12}</UniqueIdentifier>
    </Filter>
    <Filter Include="Source Files\GPU\Unbiased">
      <UniqueIdentifier>{45e3a936-fad3-4759-8b5d-c1810bd19a83}</UniqueIdentifier>
    </Filter>
    <Filter Include="Source Files\Octree Textures">
      <UniqueIdentifier>{58cc2670-4acb-4999-b548-2962d75ef931}</UniqueIdentifier>
    </Filter>
    <Filter Include="Header Files\Octree Textures">
      <UniqueIdentifier>{a7cdda9b-48c3-4d65-8dd9-062ae7e832fd}</UniqueIdentifier>
    </Filter>
    <Filter Include="Source Files\GPU\Testing">
      <UniqueIdentifier>{37c7b5f9-43cb-4106-bd39-2583bbf96d36}</UniqueIdentifier>
    </Filter>
    <Filter Include="Source Files\GPU\Direct Lighting\Texture-based">
      <UniqueIdentifier>{10c2c5ed-d721-48fd-afcb-0c54b192e740}</UniqueIdentifier>
    </Filter>
    <Filter Include="Source Files\GPU\Direct Lighting\Octree-texture-based">
      <UniqueIdentifier>{88c66d8f-af1c-4f77-9a8d-8a8328e58914}</UniqueIdentifier>
    </Filter>
    <Filter Include="Source Files\Pipelines\Texture-based">
      <UniqueIdentifier>{d3f71a1d-20d6-4d34-8945-ca612164761a}</UniqueIdentifier>
    </Filter>
    <Filter Include="Source Files\Pipelines\Octree-texture-based">
      <UniqueIdentifier>{d06dbe83-685a-449f-b606-4218f447ec24}</UniqueIdentifier>
    </Filter>
    <Filter Include="Header Files\Pipelines\Texture-based">
      <UniqueIdentifier>{8e142f53-6b52-4f0c-b90c-26abfad44f4b}</UniqueIdentifier>
    </Filter>
    <Filter Include="Header Files\Pipelines\Octree-texture-based">
      <UniqueIdentifier>{65ab25ec-7558-426f-8129-4aaca47a3456}</UniqueIdentifier>
    </Filter>
    <Filter Include="Source Files\GPU\Camera pass">
      <UniqueIdentifier>{4cd04b64-28a3-455f-b55d-b7b48243bdc0}</UniqueIdentifier>
    </Filter>
    <Filter Include="Source Files\GPU\Camera pass\Octree-texture-based">
      <UniqueIdentifier>{89218089-8c41-4e01-a451-e8e21e50f701}</UniqueIdentifier>
    </Filter>
    <Filter Include="Source Files\GPU\Camera pass\Texture-based">
      <UniqueIdentifier>{2969b17e-f270-4c72-b415-4e6b6b68d8ae}</UniqueIdentifier>
    </Filter>
    <Filter Include="Source Files\GPU\Cubemap\Octree-texture-based">
      <UniqueIdentifier>{0136a714-3530-4ba0-be57-db6dcdbc22cd}</UniqueIdentifier>
    </Filter>
    <Filter Include="Source Files\GPU\Cubemap\Texture-based">
      <UniqueIdentifier>{1add4e7b-ca5c-4ae2-947f-45423e3ca78d}</UniqueIdentifier>
    </Filter>
    <Filter Include="Source Files\GPU\Unbiased\Texture-based">
      <UniqueIdentifier>{1d84b77e-90c9-4d99-bdeb-d5e1ed0212bc}</UniqueIdentifier>
    </Filter>
    <Filter Include="Source Files\GPU\Unbiased\Octree-texture-based">
      <UniqueIdentifier>{5fd8a405-c97e-495a-8ec8-6661ec8d74cf}</UniqueIdentifier>
    </Filter>
  </ItemGroup>
  <ItemGroup>
    <ClCompile Include="main.cpp">
      <Filter>Source Files</Filter>
    </ClCompile>
    <ClCompile Include="renderer.cpp">
      <Filter>Source Files</Filter>
    </ClCompile>
    <ClCompile Include="GLFWindow.cpp">
      <Filter>Source Files</Filter>
    </ClCompile>
    <ClCompile Include="camera.cpp">
      <Filter>Source Files</Filter>
    </ClCompile>
    <ClCompile Include="app.cpp">
      <Filter>Source Files</Filter>
    </ClCompile>
    <ClCompile Include="scene.cpp">
      <Filter>Source Files</Filter>
    </ClCompile>
    <ClCompile Include="game_object.cpp">
      <Filter>Source Files</Filter>
    </ClCompile>
    <ClCompile Include="model.cpp">
      <Filter>Source Files</Filter>
    </ClCompile>
    <ClCompile Include="radiance_cell.cpp">
      <Filter>Source Files\Radiance Grid</Filter>
    </ClCompile>
    <ClCompile Include="radiance_grid.cpp">
      <Filter>Source Files\Radiance Grid</Filter>
    </ClCompile>
    <ClCompile Include="area_light.cpp">
      <Filter>Source Files</Filter>
    </ClCompile>
    <ClCompile Include="voxelizer.cpp">
      <Filter>Source Files\Radiance Grid</Filter>
    </ClCompile>
    <ClCompile Include="gas.cpp">
      <Filter>Source Files\Acceleration Structures</Filter>
    </ClCompile>
    <ClCompile Include="ias.cpp">
      <Filter>Source Files\Acceleration Structures</Filter>
    </ClCompile>
    <ClCompile Include="radianceCellScattering_embedded.c">
      <Filter>Source Files\GPU\Spherical Harmonics</Filter>
    </ClCompile>
    <ClCompile Include="radianceCellGathering_embedded.c">
      <Filter>Source Files\GPU\Spherical Harmonics</Filter>
    </ClCompile>
    <ClCompile Include="image.cpp">
      <Filter>Source Files\Utils</Filter>
    </ClCompile>
    <ClCompile Include="octree_texture.cpp">
      <Filter>Source Files\Octree Textures</Filter>
    </ClCompile>
    <ClCompile Include="octree_builder.cpp">
      <Filter>Source Files\Octree Textures</Filter>
    </ClCompile>
    <ClCompile Include="octree_node.cpp">
      <Filter>Source Files\Octree Textures</Filter>
    </ClCompile>
    <ClCompile Include="intersection_tester.cpp">
      <Filter>Source Files\Utils</Filter>
    </ClCompile>
    <ClCompile Include="default_pipeline.cpp">
      <Filter>Source Files\Pipelines\Texture-based</Filter>
    </ClCompile>
    <ClCompile Include="direct_light_pipeline.cpp">
      <Filter>Source Files\Pipelines\Texture-based</Filter>
    </ClCompile>
    <ClCompile Include="radiance_cell_gather_cube_map_pipeline.cpp">
      <Filter>Source Files\Pipelines\Texture-based</Filter>
    </ClCompile>
    <ClCompile Include="radiance_cell_gather_pipeline.cpp">
      <Filter>Source Files\Pipelines\Texture-based</Filter>
    </ClCompile>
    <ClCompile Include="radiance_cell_scatter_cube_map_pipeline.cpp">
      <Filter>Source Files\Pipelines\Texture-based</Filter>
    </ClCompile>
    <ClCompile Include="radiance_cell_scatter_pipeline.cpp">
      <Filter>Source Files\Pipelines\Texture-based</Filter>
    </ClCompile>
    <ClCompile Include="radiance_cell_scatter_unbiased_pipeline.cpp">
      <Filter>Source Files\Pipelines\Texture-based</Filter>
    </ClCompile>
    <ClCompile Include="mcrt_pipeline.cpp">
      <Filter>Source Files\Pipelines</Filter>
    </ClCompile>
    <ClCompile Include="default_pipeline_octree.cpp">
      <Filter>Source Files\Pipelines\Octree-texture-based</Filter>
    </ClCompile>
    <ClCompile Include="direct_light_pipeline_octree.cpp">
      <Filter>Source Files\Pipelines\Octree-texture-based</Filter>
    </ClCompile>
    <ClCompile Include="devicePrograms_embedded_octree.c">
      <Filter>Source Files\GPU\Camera pass\Octree-texture-based</Filter>
    </ClCompile>
    <ClCompile Include="devicePrograms_embedded.c">
      <Filter>Source Files\GPU\Camera pass\Texture-based</Filter>
    </ClCompile>
    <ClCompile Include="directLightingShaders_embedded.c">
      <Filter>Source Files\GPU\Direct Lighting\Texture-based</Filter>
    </ClCompile>
    <ClCompile Include="directLightingShadersGathering_embedded.c">
      <Filter>Source Files\GPU\Direct Lighting\Texture-based</Filter>
    </ClCompile>
    <ClCompile Include="directLightingShadersGathering_embedded_octree.c">
      <Filter>Source Files\GPU\Direct Lighting\Octree-texture-based</Filter>
    </ClCompile>
    <ClCompile Include="radiance_cell_gather_cube_map_pipeline_octree.cpp">
      <Filter>Source Files\Pipelines\Octree-texture-based</Filter>
    </ClCompile>
    <ClCompile Include="radianceCellGathering_Cubemap_embedded.c">
      <Filter>Source Files\GPU\Cubemap\Texture-based</Filter>
    </ClCompile>
    <ClCompile Include="radianceCellScattering_Cubemap_embedded.c">
      <Filter>Source Files\GPU\Cubemap\Texture-based</Filter>
    </ClCompile>
    <ClCompile Include="radiance_cell_scatter_cube_map_pipeline_octree.cpp">
      <Filter>Source Files\Pipelines\Octree-texture-based</Filter>
    </ClCompile>
    <ClCompile Include="radianceCellGathering_Cubemap_embedded_octree.c">
      <Filter>Source Files\GPU\Cubemap\Octree-texture-based</Filter>
    </ClCompile>
    <ClCompile Include="radianceCellScattering_Cubemap_embedded_octree.c">
      <Filter>Source Files\GPU\Cubemap\Octree-texture-based</Filter>
    </ClCompile>
    <ClCompile Include="radiance_cell_scatter_unbiased_pipeline_octree.cpp">
      <Filter>Source Files\Pipelines\Octree-texture-based</Filter>
    </ClCompile>
    <ClCompile Include="unbiasedScattering_embedded_octree.c">
      <Filter>Source Files\GPU\Unbiased\Octree-texture-based</Filter>
    </ClCompile>
    <ClCompile Include="timer.cpp">
      <Filter>Source Files\Utils</Filter>
    </ClCompile>
    <ClCompile Include="geometry_utils.cpp">
      <Filter>Source Files\Utils</Filter>
    </ClCompile>
    <ClCompile Include="general_utils.cpp">
      <Filter>Source Files\Utils</Filter>
    </ClCompile>
    <ClCompile Include="unbiasedScattering_embedded.c">
      <Filter>Source Files\GPU\Unbiased\Texture-based</Filter>
    </ClCompile>
  </ItemGroup>
  <ItemGroup>
    <ClInclude Include="renderer.hpp">
      <Filter>Header Files</Filter>
    </ClInclude>
    <ClInclude Include="CUDABuffer.hpp">
      <Filter>Header Files\Utils</Filter>
    </ClInclude>
    <ClInclude Include="optix7.hpp">
      <Filter>Header Files\Utils</Filter>
    </ClInclude>
    <ClInclude Include="GLFWindow.hpp">
      <Filter>Header Files</Filter>
    </ClInclude>
    <ClInclude Include="camera.hpp">
      <Filter>Header Files</Filter>
    </ClInclude>
    <ClInclude Include="app.hpp">
      <Filter>Header Files</Filter>
    </ClInclude>
    <ClInclude Include="scene.hpp">
      <Filter>Header Files</Filter>
    </ClInclude>
    <ClInclude Include="LaunchParams.hpp">
      <Filter>Header Files\GPU</Filter>
    </ClInclude>
    <ClInclude Include="game_object.hpp">
      <Filter>Header Files</Filter>
    </ClInclude>
    <ClInclude Include="model.hpp">
      <Filter>Header Files</Filter>
    </ClInclude>
    <ClInclude Include="radiance_cell.hpp">
      <Filter>Header Files\Radiance Grid</Filter>
    </ClInclude>
    <ClInclude Include="radiance_grid.hpp">
      <Filter>Header Files\Radiance Grid</Filter>
    </ClInclude>
    <ClInclude Include="helpers.hpp">
      <Filter>Header Files\Utils</Filter>
    </ClInclude>
    <ClInclude Include="area_light.hpp">
      <Filter>Header Files</Filter>
    </ClInclude>
    <ClInclude Include="voxelizer.hpp">
      <Filter>Header Files\Radiance Grid</Filter>
    </ClInclude>
    <ClInclude Include="gas.hpp">
      <Filter>Header Files\Acceleration Structures</Filter>
    </ClInclude>
    <ClInclude Include="ias.hpp">
      <Filter>Header Files\Acceleration Structures</Filter>
    </ClInclude>
    <ClInclude Include="image.hpp">
      <Filter>Header Files\Utils</Filter>
    </ClInclude>
    <ClInclude Include="octree_texture.hpp">
      <Filter>Header Files\Octree Textures</Filter>
    </ClInclude>
    <ClInclude Include="octree_builder.hpp">
      <Filter>Header Files\Octree Textures</Filter>
    </ClInclude>
    <ClInclude Include="octree_node.hpp">
      <Filter>Header Files\Octree Textures</Filter>
    </ClInclude>
    <ClInclude Include="intersection_tester.hpp">
      <Filter>Header Files\Utils</Filter>
    </ClInclude>
    <ClInclude Include="default_pipeline.hpp">
      <Filter>Header Files\Pipelines\Texture-based</Filter>
    </ClInclude>
    <ClInclude Include="direct_light_pipeline.hpp">
      <Filter>Header Files\Pipelines\Texture-based</Filter>
    </ClInclude>
    <ClInclude Include="radiance_cell_gather_cube_map_pipeline.hpp">
      <Filter>Header Files\Pipelines\Texture-based</Filter>
    </ClInclude>
    <ClInclude Include="radiance_cell_gather_pipeline.hpp">
      <Filter>Header Files\Pipelines\Texture-based</Filter>
    </ClInclude>
    <ClInclude Include="radiance_cell_scatter_cube_map_pipeline.hpp">
      <Filter>Header Files\Pipelines\Texture-based</Filter>
    </ClInclude>
    <ClInclude Include="radiance_cell_scatter_pipeline.hpp">
      <Filter>Header Files\Pipelines\Texture-based</Filter>
    </ClInclude>
    <ClInclude Include="radiance_cell_scatter_unbiased_pipeline.hpp">
      <Filter>Header Files\Pipelines\Texture-based</Filter>
    </ClInclude>
    <ClInclude Include="mcrt_pipeline.hpp">
      <Filter>Header Files\Pipelines</Filter>
    </ClInclude>
    <ClInclude Include="default_pipeline_octree.hpp">
      <Filter>Header Files\Pipelines\Octree-texture-based</Filter>
    </ClInclude>
    <ClInclude Include="direct_light_pipeline_octree.hpp">
      <Filter>Header Files\Pipelines\Octree-texture-based</Filter>
    </ClInclude>
    <ClInclude Include="radiance_cell_gather_cube_map_pipeline_octree.hpp">
      <Filter>Header Files\Pipelines\Octree-texture-based</Filter>
    </ClInclude>
    <ClInclude Include="radiance_cell_scatter_cube_map_pipeline_octree.hpp">
      <Filter>Header Files\Pipelines\Octree-texture-based</Filter>
    </ClInclude>
    <ClInclude Include="radiance_cell_scatter_unbiased_pipeline_octree.hpp">
      <Filter>Header Files\Pipelines\Octree-texture-based</Filter>
    </ClInclude>
    <ClInclude Include="timer.hpp">
      <Filter>Header Files\Utils</Filter>
    </ClInclude>
    <ClInclude Include="geometry_utils.hpp">
      <Filter>Header Files\Utils</Filter>
    </ClInclude>
    <ClInclude Include="general_utils.hpp">
      <Filter>Header Files\Utils</Filter>
    </ClInclude>
  </ItemGroup>
  <ItemGroup>
    <None Include="radianceCellScattering_trilinear2.cu">
      <Filter>Source Files\GPU\Spherical Harmonics</Filter>
    </None>
    <None Include="radianceCellScattering.cu">
      <Filter>Source Files\GPU\Spherical Harmonics</Filter>
    </None>
    <None Include="radianceCellScattering_last.cu">
      <Filter>Source Files\GPU\Spherical Harmonics</Filter>
    </None>
    <None Include="radianceCellScattering_trilinear.cu">
      <Filter>Source Files\GPU\Spherical Harmonics</Filter>
    </None>
    <None Include="radianceCellGathering.cu">
      <Filter>Source Files\GPU\Spherical Harmonics</Filter>
    </None>
    <None Include="radianceCellGathering2.cu">
      <Filter>Source Files\GPU\Spherical Harmonics</Filter>
    </None>
    <None Include="radianceCellGathering3.cu">
      <Filter>Source Files\GPU\Spherical Harmonics</Filter>
    </None>
    <None Include="spherical_harmonics.cuh">
      <Filter>Source Files\GPU\Spherical Harmonics</Filter>
    </None>
    <None Include="utils.cuh">
      <Filter>Source Files\GPU</Filter>
    </None>
    <None Include="probeTesting.cu">
      <Filter>Source Files\GPU\Testing</Filter>
    </None>
    <None Include="octreeTesting.cu">
      <Filter>Source Files\GPU\Testing</Filter>
    </None>
    <None Include="directLightingShaders.cu">
      <Filter>Source Files\GPU\Direct Lighting\Texture-based</Filter>
    </None>
    <None Include="directLightingShadersGathering.cu">
      <Filter>Source Files\GPU\Direct Lighting\Texture-based</Filter>
    </None>
    <None Include="directLightingShadersGatheringOctree.cu">
      <Filter>Source Files\GPU\Direct Lighting\Octree-texture-based</Filter>
    </None>
    <None Include="devicePrograms.cu">
      <Filter>Source Files\GPU\Camera pass</Filter>
    </None>
    <None Include="cameraRayProgram.cu">
      <Filter>Source Files\GPU\Camera pass\Texture-based</Filter>
    </None>
    <None Include="cameraRayProgramOctree.cu">
      <Filter>Source Files\GPU\Camera pass\Octree-texture-based</Filter>
    </None>
    <None Include="cube_mapping.cuh">
      <Filter>Source Files\GPU\Cubemap\Texture-based</Filter>
    </None>
    <None Include="radianceCellGathering_Cubemap.cu">
      <Filter>Source Files\GPU\Cubemap\Texture-based</Filter>
    </None>
    <None Include="radianceCellGathering_Cubemap2.cu">
      <Filter>Source Files\GPU\Cubemap\Texture-based</Filter>
    </None>
    <None Include="radianceCellGathering_Cubemap3.cu">
      <Filter>Source Files\GPU\Cubemap\Texture-based</Filter>
    </None>
    <None Include="radianceCellScattering_Cubemap.cu">
      <Filter>Source Files\GPU\Cubemap\Texture-based</Filter>
    </None>
    <None Include="radianceCellScattering_Cubemap_hybrid.cu">
      <Filter>Source Files\GPU\Cubemap\Texture-based</Filter>
    </None>
    <None Include="radianceCellScattering_Cubemap2.cu">
      <Filter>Source Files\GPU\Cubemap\Texture-based</Filter>
    </None>
    <None Include="radianceCellScattering_Cubemap3.cu">
      <Filter>Source Files\GPU\Cubemap\Texture-based</Filter>
    </None>
    <None Include="radianceCellGathering_Cubemap_Octree.cu">
      <Filter>Source Files\GPU\Cubemap\Octree-texture-based</Filter>
    </None>
    <None Include="radianceCellScattering_Cubemap_hybrid_Octree.cu">
      <Filter>Source Files\GPU\Cubemap\Octree-texture-based</Filter>
    </None>
    <None Include="unbiasedScattering.cu">
      <Filter>Source Files\GPU\Unbiased\Texture-based</Filter>
    </None>
    <None Include="unbiasedScattering2.cu">
      <Filter>Source Files\GPU\Unbiased\Texture-based</Filter>
    </None>
    <None Include="unbiasedScatteringOctree.cu">
      <Filter>Source Files\GPU\Unbiased\Octree-texture-based</Filter>
    </None>
  </ItemGroup>
</Project>